
Microsoft Visual Studio Solution File, Format Version 12.00
# Visual Studio Version 17
VisualStudioVersion = 17.10.34804.81
MinimumVisualStudioVersion = 10.0.40219.1
Project("{FAE04EC0-301F-11D3-BF4B-00C04F79EFBC}") = "BlazorFontAwesome.Core", "BlazorFontAwesome.Core\BlazorFontAwesome.Core.csproj", "{8DCB5954-55FA-490A-8673-C7CD162333F0}"
EndProject
Global
	GlobalSection(SolutionConfigurationPlatforms) = preSolution
		Debug|Any CPU = Debug|Any CPU
		Release|Any CPU = Release|Any CPU
	EndGlobalSection
	GlobalSection(ProjectConfigurationPlatforms) = postSolution
		{8DCB5954-55FA-490A-8673-C7CD162333F0}.Debug|Any CPU.ActiveCfg = Debug|Any CPU
		{8DCB5954-55FA-490A-8673-C7CD162333F0}.Debug|Any CPU.Build.0 = Debug|Any CPU
		{8DCB5954-55FA-490A-8673-C7CD162333F0}.Release|Any CPU.ActiveCfg = Release|Any CPU
		{8DCB5954-55FA-490A-8673-C7CD162333F0}.Release|Any CPU.Build.0 = Release|Any CPU
	EndGlobalSection
	GlobalSection(SolutionProperties) = preSolution
		HideSolutionNode = FALSE
	EndGlobalSection
	GlobalSection(ExtensibilityGlobals) = postSolution
		SolutionGuid = {4D61D117-CB37-459E-9854-1714419D2049}
	EndGlobalSection
EndGlobal
